// !$*UTF8*$!
{
	archiveVersion = 1;
	classes = {
	};
	objectVersion = 50;
	objects = {

/* Begin PBXBuildFile section */
		7F7A168A270229F900743CBF /* AppDelegate.m in Sources */ = {isa = PBXBuildFile; fileRef = 7F7A1689270229F900743CBF /* AppDelegate.m */; };
		7F7A168D270229F900743CBF /* SceneDelegate.m in Sources */ = {isa = PBXBuildFile; fileRef = 7F7A168C270229F900743CBF /* SceneDelegate.m */; };
		7F7A1690270229F900743CBF /* ViewController.m in Sources */ = {isa = PBXBuildFile; fileRef = 7F7A168F270229F900743CBF /* ViewController.m */; };
		7F7A1693270229F900743CBF /* Main.storyboard in Resources */ = {isa = PBXBuildFile; fileRef = 7F7A1691270229F900743CBF /* Main.storyboard */; };
		7F7A1695270229FA00743CBF /* Assets.xcassets in Resources */ = {isa = PBXBuildFile; fileRef = 7F7A1694270229FA00743CBF /* Assets.xcassets */; };
		7F7A1698270229FA00743CBF /* LaunchScreen.storyboard in Resources */ = {isa = PBXBuildFile; fileRef = 7F7A1696270229FA00743CBF /* LaunchScreen.storyboard */; };
		7F7A169B270229FA00743CBF /* main.m in Sources */ = {isa = PBXBuildFile; fileRef = 7F7A169A270229FA00743CBF /* main.m */; };
		7F7A16A5270229FB00743CBF /* CIImageDemoTests.m in Sources */ = {isa = PBXBuildFile; fileRef = 7F7A16A4270229FB00743CBF /* CIImageDemoTests.m */; };
		7F7A16B0270229FB00743CBF /* CIImageDemoUITests.m in Sources */ = {isa = PBXBuildFile; fileRef = 7F7A16AF270229FB00743CBF /* CIImageDemoUITests.m */; };
		7F7A16BF27022A3C00743CBF /* QSFilterHelper.m in Sources */ = {isa = PBXBuildFile; fileRef = 7F7A16BE27022A3C00743CBF /* QSFilterHelper.m */; };
		7F9ECEB72702351B00B4ECE6 /* meinv.jpg in Resources */ = {isa = PBXBuildFile; fileRef = 7F9ECEB62702351B00B4ECE6 /* meinv.jpg */; };
		D426CE902702E21100387C8A /* bailiang.png in Resources */ = {isa = PBXBuildFile; fileRef = D426CE8F2702E21100387C8A /* bailiang.png */; };
		D4ABF7B6270426C2006A86E4 /* UIImage+SQExtension.m in Sources */ = {isa = PBXBuildFile; fileRef = D4ABF7B5270426C2006A86E4 /* UIImage+SQExtension.m */; };
/* End PBXBuildFile section */

/* Begin PBXContainerItemProxy section */
		7F7A16A1270229FB00743CBF /* PBXContainerItemProxy */ = {
			isa = PBXContainerItemProxy;
			containerPortal = 7F7A167D270229F900743CBF /* Project object */;
			proxyType = 1;
			remoteGlobalIDString = 7F7A1684270229F900743CBF;
			remoteInfo = CIImageDemo;
		};
		7F7A16AC270229FB00743CBF /* PBXContainerItemProxy */ = {
			isa = PBXContainerItemProxy;
			containerPortal = 7F7A167D270229F900743CBF /* Project object */;
			proxyType = 1;
			remoteGlobalIDString = 7F7A1684270229F900743CBF;
			remoteInfo = CIImageDemo;
		};
/* End PBXContainerItemProxy section */

/* Begin PBXFileReference section */
		7F7A1685270229F900743CBF /* CIImageDemo.app */ = {isa = PBXFileReference; explicitFileType = wrapper.application; includeInIndex = 0; path = CIImageDemo.app; sourceTree = BUILT_PRODUCTS_DIR; };
		7F7A1688270229F900743CBF /* AppDelegate.h */ = {isa = PBXFileReference; lastKnownFileType = sourcecode.c.h; path = AppDelegate.h; sourceTree = "<group>"; };
		7F7A1689270229F900743CBF /* AppDelegate.m */ = {isa = PBXFileReference; lastKnownFileType = sourcecode.c.objc; path = AppDelegate.m; sourceTree = "<group>"; };
		7F7A168B270229F900743CBF /* SceneDelegate.h */ = {isa = PBXFileReference; lastKnownFileType = sourcecode.c.h; path = SceneDelegate.h; sourceTree = "<group>"; };
		7F7A168C270229F900743CBF /* SceneDelegate.m */ = {isa = PBXFileReference; lastKnownFileType = sourcecode.c.objc; path = SceneDelegate.m; sourceTree = "<group>"; };
		7F7A168E270229F900743CBF /* ViewController.h */ = {isa = PBXFileReference; lastKnownFileType = sourcecode.c.h; path = ViewController.h; sourceTree = "<group>"; };
		7F7A168F270229F900743CBF /* ViewController.m */ = {isa = PBXFileReference; lastKnownFileType = sourcecode.c.objc; path = ViewController.m; sourceTree = "<group>"; };
		7F7A1692270229F900743CBF /* Base */ = {isa = PBXFileReference; lastKnownFileType = file.storyboard; name = Base; path = Base.lproj/Main.storyboard; sourceTree = "<group>"; };
		7F7A1694270229FA00743CBF /* Assets.xcassets */ = {isa = PBXFileReference; lastKnownFileType = folder.assetcatalog; path = Assets.xcassets; sourceTree = "<group>"; };
		7F7A1697270229FA00743CBF /* Base */ = {isa = PBXFileReference; lastKnownFileType = file.storyboard; name = Base; path = Base.lproj/LaunchScreen.storyboard; sourceTree = "<group>"; };
		7F7A1699270229FA00743CBF /* Info.plist */ = {isa = PBXFileReference; lastKnownFileType = text.plist.xml; path = Info.plist; sourceTree = "<group>"; };
		7F7A169A270229FA00743CBF /* main.m */ = {isa = PBXFileReference; lastKnownFileType = sourcecode.c.objc; path = main.m; sourceTree = "<group>"; };
		7F7A16A0270229FB00743CBF /* CIImageDemoTests.xctest */ = {isa = PBXFileReference; explicitFileType = wrapper.cfbundle; includeInIndex = 0; path = CIImageDemoTests.xctest; sourceTree = BUILT_PRODUCTS_DIR; };
		7F7A16A4270229FB00743CBF /* CIImageDemoTests.m */ = {isa = PBXFileReference; lastKnownFileType = sourcecode.c.objc; path = CIImageDemoTests.m; sourceTree = "<group>"; };
		7F7A16A6270229FB00743CBF /* Info.plist */ = {isa = PBXFileReference; lastKnownFileType = text.plist.xml; path = Info.plist; sourceTree = "<group>"; };
		7F7A16AB270229FB00743CBF /* CIImageDemoUITests.xctest */ = {isa = PBXFileReference; explicitFileType = wrapper.cfbundle; includeInIndex = 0; path = CIImageDemoUITests.xctest; sourceTree = BUILT_PRODUCTS_DIR; };
		7F7A16AF270229FB00743CBF /* CIImageDemoUITests.m */ = {isa = PBXFileReference; lastKnownFileType = sourcecode.c.objc; path = CIImageDemoUITests.m; sourceTree = "<group>"; };
		7F7A16B1270229FB00743CBF /* Info.plist */ = {isa = PBXFileReference; lastKnownFileType = text.plist.xml; path = Info.plist; sourceTree = "<group>"; };
		7F7A16BD27022A3C00743CBF /* QSFilterHelper.h */ = {isa = PBXFileReference; lastKnownFileType = sourcecode.c.h; path = QSFilterHelper.h; sourceTree = "<group>"; };
		7F7A16BE27022A3C00743CBF /* QSFilterHelper.m */ = {isa = PBXFileReference; lastKnownFileType = sourcecode.c.objc; path = QSFilterHelper.m; sourceTree = "<group>"; };
		7F9ECEB62702351B00B4ECE6 /* meinv.jpg */ = {isa = PBXFileReference; lastKnownFileType = image.jpeg; path = meinv.jpg; sourceTree = "<group>"; };
		D426CE8F2702E21100387C8A /* bailiang.png */ = {isa = PBXFileReference; lastKnownFileType = image.png; path = bailiang.png; sourceTree = "<group>"; };
		D4ABF7B4270426C2006A86E4 /* UIImage+SQExtension.h */ = {isa = PBXFileReference; lastKnownFileType = sourcecode.c.h; path = "UIImage+SQExtension.h"; sourceTree = "<group>"; };
		D4ABF7B5270426C2006A86E4 /* UIImage+SQExtension.m */ = {isa = PBXFileReference; lastKnownFileType = sourcecode.c.objc; path = "UIImage+SQExtension.m"; sourceTree = "<group>"; };
/* End PBXFileReference section */

/* Begin PBXFrameworksBuildPhase section */
		7F7A1682270229F900743CBF /* Frameworks */ = {
			isa = PBXFrameworksBuildPhase;
			buildActionMask = 2147483647;
			files = (
			);
			runOnlyForDeploymentPostprocessing = 0;
		};
		7F7A169D270229FB00743CBF /* Frameworks */ = {
			isa = PBXFrameworksBuildPhase;
			buildActionMask = 2147483647;
			files = (
			);
			runOnlyForDeploymentPostprocessing = 0;
		};
		7F7A16A8270229FB00743CBF /* Frameworks */ = {
			isa = PBXFrameworksBuildPhase;
			buildActionMask = 2147483647;
			files = (
			);
			runOnlyForDeploymentPostprocessing = 0;
		};
/* End PBXFrameworksBuildPhase section */

/* Begin PBXGroup section */
		7F7A167C270229F900743CBF = {
			isa = PBXGroup;
			children = (
				7F7A1687270229F900743CBF /* CIImageDemo */,
				7F7A16A3270229FB00743CBF /* CIImageDemoTests */,
				7F7A16AE270229FB00743CBF /* CIImageDemoUITests */,
				7F7A1686270229F900743CBF /* Products */,
			);
			sourceTree = "<group>";
		};
		7F7A1686270229F900743CBF /* Products */ = {
			isa = PBXGroup;
			children = (
				7F7A1685270229F900743CBF /* CIImageDemo.app */,
				7F7A16A0270229FB00743CBF /* CIImageDemoTests.xctest */,
				7F7A16AB270229FB00743CBF /* CIImageDemoUITests.xctest */,
			);
			name = Products;
			sourceTree = "<group>";
		};
		7F7A1687270229F900743CBF /* CIImageDemo */ = {
			isa = PBXGroup;
			children = (
				D426CE8F2702E21100387C8A /* bailiang.png */,
				7F9ECEB62702351B00B4ECE6 /* meinv.jpg */,
				7F7A1688270229F900743CBF /* AppDelegate.h */,
				7F7A1689270229F900743CBF /* AppDelegate.m */,
				7F7A168B270229F900743CBF /* SceneDelegate.h */,
				7F7A168C270229F900743CBF /* SceneDelegate.m */,
				7F7A168E270229F900743CBF /* ViewController.h */,
				7F7A168F270229F900743CBF /* ViewController.m */,
				7F7A1691270229F900743CBF /* Main.storyboard */,
				7F7A1694270229FA00743CBF /* Assets.xcassets */,
				7F7A1696270229FA00743CBF /* LaunchScreen.storyboard */,
				7F7A1699270229FA00743CBF /* Info.plist */,
				7F7A169A270229FA00743CBF /* main.m */,
				7F7A16BD27022A3C00743CBF /* QSFilterHelper.h */,
				7F7A16BE27022A3C00743CBF /* QSFilterHelper.m */,
				D4ABF7B4270426C2006A86E4 /* UIImage+SQExtension.h */,
				D4ABF7B5270426C2006A86E4 /* UIImage+SQExtension.m */,
			);
			path = CIImageDemo;
			sourceTree = "<group>";
		};
		7F7A16A3270229FB00743CBF /* CIImageDemoTests */ = {
			isa = PBXGroup;
			children = (
				7F7A16A4270229FB00743CBF /* CIImageDemoTests.m */,
				7F7A16A6270229FB00743CBF /* Info.plist */,
			);
			path = CIImageDemoTests;
			sourceTree = "<group>";
		};
		7F7A16AE270229FB00743CBF /* CIImageDemoUITests */ = {
			isa = PBXGroup;
			children = (
				7F7A16AF270229FB00743CBF /* CIImageDemoUITests.m */,
				7F7A16B1270229FB00743CBF /* Info.plist */,
			);
			path = CIImageDemoUITests;
			sourceTree = "<group>";
		};
/* End PBXGroup section */

/* Begin PBXNativeTarget section */
		7F7A1684270229F900743CBF /* CIImageDemo */ = {
			isa = PBXNativeTarget;
			buildConfigurationList = 7F7A16B4270229FB00743CBF /* Build configuration list for PBXNativeTarget "CIImageDemo" */;
			buildPhases = (
				7F7A1681270229F900743CBF /* Sources */,
				7F7A1682270229F900743CBF /* Frameworks */,
				7F7A1683270229F900743CBF /* Resources */,
			);
			buildRules = (
			);
			dependencies = (
			);
			name = CIImageDemo;
			productName = CIImageDemo;
			productReference = 7F7A1685270229F900743CBF /* CIImageDemo.app */;
			productType = "com.apple.product-type.application";
		};
		7F7A169F270229FB00743CBF /* CIImageDemoTests */ = {
			isa = PBXNativeTarget;
			buildConfigurationList = 7F7A16B7270229FB00743CBF /* Build configuration list for PBXNativeTarget "CIImageDemoTests" */;
			buildPhases = (
				7F7A169C270229FB00743CBF /* Sources */,
				7F7A169D270229FB00743CBF /* Frameworks */,
				7F7A169E270229FB00743CBF /* Resources */,
			);
			buildRules = (
			);
			dependencies = (
				7F7A16A2270229FB00743CBF /* PBXTargetDependency */,
			);
			name = CIImageDemoTests;
			productName = CIImageDemoTests;
			productReference = 7F7A16A0270229FB00743CBF /* CIImageDemoTests.xctest */;
			productType = "com.apple.product-type.bundle.unit-test";
		};
		7F7A16AA270229FB00743CBF /* CIImageDemoUITests */ = {
			isa = PBXNativeTarget;
			buildConfigurationList = 7F7A16BA270229FB00743CBF /* Build configuration list for PBXNativeTarget "CIImageDemoUITests" */;
			buildPhases = (
				7F7A16A7270229FB00743CBF /* Sources */,
				7F7A16A8270229FB00743CBF /* Frameworks */,
				7F7A16A9270229FB00743CBF /* Resources */,
			);
			buildRules = (
			);
			dependencies = (
				7F7A16AD270229FB00743CBF /* PBXTargetDependency */,
			);
			name = CIImageDemoUITests;
			productName = CIImageDemoUITests;
			productReference = 7F7A16AB270229FB00743CBF /* CIImageDemoUITests.xctest */;
			productType = "com.apple.product-type.bundle.ui-testing";
		};
/* End PBXNativeTarget section */

/* Begin PBXProject section */
		7F7A167D270229F900743CBF /* Project object */ = {
			isa = PBXProject;
			attributes = {
				LastUpgradeCheck = 1250;
				TargetAttributes = {
					7F7A1684270229F900743CBF = {
						CreatedOnToolsVersion = 12.5.1;
					};
					7F7A169F270229FB00743CBF = {
						CreatedOnToolsVersion = 12.5.1;
						TestTargetID = 7F7A1684270229F900743CBF;
					};
					7F7A16AA270229FB00743CBF = {
						CreatedOnToolsVersion = 12.5.1;
						TestTargetID = 7F7A1684270229F900743CBF;
					};
				};
			};
			buildConfigurationList = 7F7A1680270229F900743CBF /* Build configuration list for PBXProject "CIImageDemo" */;
			compatibilityVersion = "Xcode 9.3";
			developmentRegion = en;
			hasScannedForEncodings = 0;
			knownRegions = (
				en,
				Base,
			);
			mainGroup = 7F7A167C270229F900743CBF;
			productRefGroup = 7F7A1686270229F900743CBF /* Products */;
			projectDirPath = "";
			projectRoot = "";
			targets = (
				7F7A1684270229F900743CBF /* CIImageDemo */,
				7F7A169F270229FB00743CBF /* CIImageDemoTests */,
				7F7A16AA270229FB00743CBF /* CIImageDemoUITests */,
			);
		};
/* End PBXProject section */

/* Begin PBXResourcesBuildPhase section */
		7F7A1683270229F900743CBF /* Resources */ = {
			isa = PBXResourcesBuildPhase;
			buildActionMask = 2147483647;
			files = (
				7F9ECEB72702351B00B4ECE6 /* meinv.jpg in Resources */,
				7F7A1698270229FA00743CBF /* LaunchScreen.storyboard in Resources */,
				7F7A1695270229FA00743CBF /* Assets.xcassets in Resources */,
				D426CE902702E21100387C8A /* bailiang.png in Resources */,
				7F7A1693270229F900743CBF /* Main.storyboard in Resources */,
			);
			runOnlyForDeploymentPostprocessing = 0;
		};
		7F7A169E270229FB00743CBF /* Resources */ = {
			isa = PBXResourcesBuildPhase;
			buildActionMask = 2147483647;
			files = (
			);
			runOnlyForDeploymentPostprocessing = 0;
		};
		7F7A16A9270229FB00743CBF /* Resources */ = {
			isa = PBXResourcesBuildPhase;
			buildActionMask = 2147483647;
			files = (
			);
			runOnlyForDeploymentPostprocessing = 0;
		};
/* End PBXResourcesBuildPhase section */

/* Begin PBXSourcesBuildPhase section */
		7F7A1681270229F900743CBF /* Sources */ = {
			isa = PBXSourcesBuildPhase;
			buildActionMask = 2147483647;
			files = (
				7F7A1690270229F900743CBF /* ViewController.m in Sources */,
				7F7A168A270229F900743CBF /* AppDelegate.m in Sources */,
				7F7A169B270229FA00743CBF /* main.m in Sources */,
				7F7A168D270229F900743CBF /* SceneDelegate.m in Sources */,
				7F7A16BF27022A3C00743CBF /* QSFilterHelper.m in Sources */,
				D4ABF7B6270426C2006A86E4 /* UIImage+SQExtension.m in Sources */,
			);
			runOnlyForDeploymentPostprocessing = 0;
		};
		7F7A169C270229FB00743CBF /* Sources */ = {
			isa = PBXSourcesBuildPhase;
			buildActionMask = 2147483647;
			files = (
				7F7A16A5270229FB00743CBF /* CIImageDemoTests.m in Sources */,
			);
			runOnlyForDeploymentPostprocessing = 0;
		};
		7F7A16A7270229FB00743CBF /* Sources */ = {
			isa = PBXSourcesBuildPhase;
			buildActionMask = 2147483647;
			files = (
				7F7A16B0270229FB00743CBF /* CIImageDemoUITests.m in Sources */,
			);
			runOnlyForDeploymentPostprocessing = 0;
		};
/* End PBXSourcesBuildPhase section */

/* Begin PBXTargetDependency section */
		7F7A16A2270229FB00743CBF /* PBXTargetDependency */ = {
			isa = PBXTargetDependency;
			target = 7F7A1684270229F900743CBF /* CIImageDemo */;
			targetProxy = 7F7A16A1270229FB00743CBF /* PBXContainerItemProxy */;
		};
		7F7A16AD270229FB00743CBF /* PBXTargetDependency */ = {
			isa = PBXTargetDependency;
			target = 7F7A1684270229F900743CBF /* CIImageDemo */;
			targetProxy = 7F7A16AC270229FB00743CBF /* PBXContainerItemProxy */;
		};
/* End PBXTargetDependency section */

/* Begin PBXVariantGroup section */
		7F7A1691270229F900743CBF /* Main.storyboard */ = {
			isa = PBXVariantGroup;
			children = (
				7F7A1692270229F900743CBF /* Base */,
			);
			name = Main.storyboard;
			sourceTree = "<group>";
		};
		7F7A1696270229FA00743CBF /* LaunchScreen.storyboard */ = {
			isa = PBXVariantGroup;
			children = (
				7F7A1697270229FA00743CBF /* Base */,
			);
			name = LaunchScreen.storyboard;
			sourceTree = "<group>";
		};
/* End PBXVariantGroup section */

/* Begin XCBuildConfiguration section */
		7F7A16B2270229FB00743CBF /* Debug */ = {
			isa = XCBuildConfiguration;
			buildSettings = {
				ALWAYS_SEARCH_USER_PATHS = NO;
				CLANG_ANALYZER_NONNULL = YES;
				CLANG_ANALYZER_NUMBER_OBJECT_CONVERSION = YES_AGGRESSIVE;
				CLANG_CXX_LANGUAGE_STANDARD = "gnu++14";
				CLANG_CXX_LIBRARY = "libc++";
				CLANG_ENABLE_MODULES = YES;
				CLANG_ENABLE_OBJC_ARC = YES;
				CLANG_ENABLE_OBJC_WEAK = YES;
				CLANG_WARN_BLOCK_CAPTURE_AUTORELEASING = YES;
				CLANG_WARN_BOOL_CONVERSION = YES;
				CLANG_WARN_COMMA = YES;
				CLANG_WARN_CONSTANT_CONVERSION = YES;
				CLANG_WARN_DEPRECATED_OBJC_IMPLEMENTATIONS = YES;
				CLANG_WARN_DIRECT_OBJC_ISA_USAGE = YES_ERROR;
				CLANG_WARN_DOCUMENTATION_COMMENTS = YES;
				CLANG_WARN_EMPTY_BODY = YES;
				CLANG_WARN_ENUM_CONVERSION = YES;
				CLANG_WARN_INFINITE_RECURSION = YES;
				CLANG_WARN_INT_CONVERSION = YES;
				CLANG_WARN_NON_LITERAL_NULL_CONVERSION = YES;
				CLANG_WARN_OBJC_IMPLICIT_RETAIN_SELF = YES;
				CLANG_WARN_OBJC_LITERAL_CONVERSION = YES;
				CLANG_WARN_OBJC_ROOT_CLASS = YES_ERROR;
				CLANG_WARN_QUOTED_INCLUDE_IN_FRAMEWORK_HEADER = YES;
				CLANG_WARN_RANGE_LOOP_ANALYSIS = YES;
				CLANG_WARN_STRICT_PROTOTYPES = YES;
				CLANG_WARN_SUSPICIOUS_MOVE = YES;
				CLANG_WARN_UNGUARDED_AVAILABILITY = YES_AGGRESSIVE;
				CLANG_WARN_UNREACHABLE_CODE = YES;
				CLANG_WARN__DUPLICATE_METHOD_MATCH = YES;
				COPY_PHASE_STRIP = NO;
				DEBUG_INFORMATION_FORMAT = dwarf;
				ENABLE_STRICT_OBJC_MSGSEND = YES;
				ENABLE_TESTABILITY = YES;
				GCC_C_LANGUAGE_STANDARD = gnu11;
				GCC_DYNAMIC_NO_PIC = NO;
				GCC_NO_COMMON_BLOCKS = YES;
				GCC_OPTIMIZATION_LEVEL = 0;
				GCC_PREPROCESSOR_DEFINITIONS = (
					"DEBUG=1",
					"$(inherited)",
				);
				GCC_WARN_64_TO_32_BIT_CONVERSION = YES;
				GCC_WARN_ABOUT_RETURN_TYPE = YES_ERROR;
				GCC_WARN_UNDECLARED_SELECTOR = YES;
				GCC_WARN_UNINITIALIZED_AUTOS = YES_AGGRESSIVE;
				GCC_WARN_UNUSED_FUNCTION = YES;
				GCC_WARN_UNUSED_VARIABLE = YES;
				IPHONEOS_DEPLOYMENT_TARGET = 14.5;
				MTL_ENABLE_DEBUG_INFO = INCLUDE_SOURCE;
				MTL_FAST_MATH = YES;
				ONLY_ACTIVE_ARCH = YES;
				SDKROOT = iphoneos;
			};
			name = Debug;
		};
		7F7A16B3270229FB00743CBF /* Release */ = {
			isa = XCBuildConfiguration;
			buildSettings = {
				ALWAYS_SEARCH_USER_PATHS = NO;
				CLANG_ANALYZER_NONNULL = YES;
				CLANG_ANALYZER_NUMBER_OBJECT_CONVERSION = YES_AGGRESSIVE;
				CLANG_CXX_LANGUAGE_STANDARD = "gnu++14";
				CLANG_CXX_LIBRARY = "libc++";
				CLANG_ENABLE_MODULES = YES;
				CLANG_ENABLE_OBJC_ARC = YES;
				CLANG_ENABLE_OBJC_WEAK = YES;
				CLANG_WARN_BLOCK_CAPTURE_AUTORELEASING = YES;
				CLANG_WARN_BOOL_CONVERSION = YES;
				CLANG_WARN_COMMA = YES;
				CLANG_WARN_CONSTANT_CONVERSION = YES;
				CLANG_WARN_DEPRECATED_OBJC_IMPLEMENTATIONS = YES;
				CLANG_WARN_DIRECT_OBJC_ISA_USAGE = YES_ERROR;
				CLANG_WARN_DOCUMENTATION_COMMENTS = YES;
				CLANG_WARN_EMPTY_BODY = YES;
				CLANG_WARN_ENUM_CONVERSION = YES;
				CLANG_WARN_INFINITE_RECURSION = YES;
				CLANG_WARN_INT_CONVERSION = YES;
				CLANG_WARN_NON_LITERAL_NULL_CONVERSION = YES;
				CLANG_WARN_OBJC_IMPLICIT_RETAIN_SELF = YES;
				CLANG_WARN_OBJC_LITERAL_CONVERSION = YES;
				CLANG_WARN_OBJC_ROOT_CLASS = YES_ERROR;
				CLANG_WARN_QUOTED_INCLUDE_IN_FRAMEWORK_HEADER = YES;
				CLANG_WARN_RANGE_LOOP_ANALYSIS = YES;
				CLANG_WARN_STRICT_PROTOTYPES = YES;
				CLANG_WARN_SUSPICIOUS_MOVE = YES;
				CLANG_WARN_UNGUARDED_AVAILABILITY = YES_AGGRESSIVE;
				CLANG_WARN_UNREACHABLE_CODE = YES;
				CLANG_WARN__DUPLICATE_METHOD_MATCH = YES;
				COPY_PHASE_STRIP = NO;
				DEBUG_INFORMATION_FORMAT = "dwarf-with-dsym";
				ENABLE_NS_ASSERTIONS = NO;
				ENABLE_STRICT_OBJC_MSGSEND = YES;
				GCC_C_LANGUAGE_STANDARD = gnu11;
				GCC_NO_COMMON_BLOCKS = YES;
				GCC_WARN_64_TO_32_BIT_CONVERSION = YES;
				GCC_WARN_ABOUT_RETURN_TYPE = YES_ERROR;
				GCC_WARN_UNDECLARED_SELECTOR = YES;
				GCC_WARN_UNINITIALIZED_AUTOS = YES_AGGRESSIVE;
				GCC_WARN_UNUSED_FUNCTION = YES;
				GCC_WARN_UNUSED_VARIABLE = YES;
				IPHONEOS_DEPLOYMENT_TARGET = 14.5;
				MTL_ENABLE_DEBUG_INFO = NO;
				MTL_FAST_MATH = YES;
				SDKROOT = iphoneos;
				VALIDATE_PRODUCT = YES;
			};
			name = Release;
		};
		7F7A16B5270229FB00743CBF /* Debug */ = {
			isa = XCBuildConfiguration;
			buildSettings = {
				ASSETCATALOG_COMPILER_APPICON_NAME = AppIcon;
				ASSETCATALOG_COMPILER_GLOBAL_ACCENT_COLOR_NAME = AccentColor;
				CODE_SIGN_STYLE = Automatic;
				INFOPLIST_FILE = CIImageDemo/Info.plist;
				LD_RUNPATH_SEARCH_PATHS = (
					"$(inherited)",
					"@executable_path/Frameworks",
				);
				PRODUCT_BUNDLE_IDENTIFIER = zhangshaoqingkaifa.CIImageDemo;
				PRODUCT_NAME = "$(TARGET_NAME)";
				TARGETED_DEVICE_FAMILY = "1,2";
			};
			name = Debug;
		};
		7F7A16B6270229FB00743CBF /* Release */ = {
			isa = XCBuildConfiguration;
			buildSettings = {
				ASSETCATALOG_COMPILER_APPICON_NAME = AppIcon;
				ASSETCATALOG_COMPILER_GLOBAL_ACCENT_COLOR_NAME = AccentColor;
				CODE_SIGN_STYLE = Automatic;
				INFOPLIST_FILE = CIImageDemo/Info.plist;
				LD_RUNPATH_SEARCH_PATHS = (
					"$(inherited)",
					"@executable_path/Frameworks",
				);
				PRODUCT_BUNDLE_IDENTIFIER = zhangshaoqingkaifa.CIImageDemo;
				PRODUCT_NAME = "$(TARGET_NAME)";
				TARGETED_DEVICE_FAMILY = "1,2";
			};
			name = Release;
		};
		7F7A16B8270229FB00743CBF /* Debug */ = {
			isa = XCBuildConfiguration;
			buildSettings = {
				BUNDLE_LOADER = "$(TEST_HOST)";
				CODE_SIGN_STYLE = Automatic;
				INFOPLIST_FILE = CIImageDemoTests/Info.plist;
				IPHONEOS_DEPLOYMENT_TARGET = 14.5;
				LD_RUNPATH_SEARCH_PATHS = (
					"$(inherited)",
					"@executable_path/Frameworks",
					"@loader_path/Frameworks",
				);
				PRODUCT_BUNDLE_IDENTIFIER = zhangshaoqingkaifa.CIImageDemoTests;
				PRODUCT_NAME = "$(TARGET_NAME)";
				TARGETED_DEVICE_FAMILY = "1,2";
				TEST_HOST = "$(BUILT_PRODUCTS_DIR)/CIImageDemo.app/CIImageDemo";
			};
			name = Debug;
		};
		7F7A16B9270229FB00743CBF /* Release */ = {
			isa = XCBuildConfiguration;
			buildSettings = {
				BUNDLE_LOADER = "$(TEST_HOST)";
				CODE_SIGN_STYLE = Automatic;
				INFOPLIST_FILE = CIImageDemoTests/Info.plist;
				IPHONEOS_DEPLOYMENT_TARGET = 14.5;
				LD_RUNPATH_SEARCH_PATHS = (
					"$(inherited)",
					"@executable_path/Frameworks",
					"@loader_path/Frameworks",
				);
				PRODUCT_BUNDLE_IDENTIFIER = zhangshaoqingkaifa.CIImageDemoTests;
				PRODUCT_NAME = "$(TARGET_NAME)";
				TARGETED_DEVICE_FAMILY = "1,2";
				TEST_HOST = "$(BUILT_PRODUCTS_DIR)/CIImageDemo.app/CIImageDemo";
			};
			name = Release;
		};
		7F7A16BB270229FB00743CBF /* Debug */ = {
			isa = XCBuildConfiguration;
			buildSettings = {
				CODE_SIGN_STYLE = Automatic;
				INFOPLIST_FILE = CIImageDemoUITests/Info.plist;
				LD_RUNPATH_SEARCH_PATHS = (
					"$(inherited)",
					"@executable_path/Frameworks",
					"@loader_path/Frameworks",
				);
				PRODUCT_BUNDLE_IDENTIFIER = zhangshaoqingkaifa.CIImageDemoUITests;
				PRODUCT_NAME = "$(TARGET_NAME)";
				TARGETED_DEVICE_FAMILY = "1,2";
				TEST_TARGET_NAME = CIImageDemo;
			};
			name = Debug;
		};
		7F7A16BC270229FB00743CBF /* Release */ = {
			isa = XCBuildConfiguration;
			buildSettings = {
				CODE_SIGN_STYLE = Automatic;
				INFOPLIST_FILE = CIImageDemoUITests/Info.plist;
				LD_RUNPATH_SEARCH_PATHS = (
					"$(inherited)",
					"@executable_path/Frameworks",
					"@loader_path/Frameworks",
				);
				PRODUCT_BUNDLE_IDENTIFIER = zhangshaoqingkaifa.CIImageDemoUITests;
				PRODUCT_NAME = "$(TARGET_NAME)";
				TARGETED_DEVICE_FAMILY = "1,2";
				TEST_TARGET_NAME = CIImageDemo;
			};
			name = Release;
		};
/* End XCBuildConfiguration section */

/* Begin XCConfigurationList section */
		7F7A1680270229F900743CBF /* Build configuration list for PBXProject "CIImageDemo" */ = {
			isa = XCConfigurationList;
			buildConfigurations = (
				7F7A16B2270229FB00743CBF /* Debug */,
				7F7A16B3270229FB00743CBF /* Release */,
			);
			defaultConfigurationIsVisible = 0;
			defaultConfigurationName = Release;
		};
		7F7A16B4270229FB00743CBF /* Build configuration list for PBXNativeTarget "CIImageDemo" */ = {
			isa = XCConfigurationList;
			buildConfigurations = (
				7F7A16B5270229FB00743CBF /* Debug */,
				7F7A16B6270229FB00743CBF /* Release */,
			);
			defaultConfigurationIsVisible = 0;
			defaultConfigurationName = Release;
		};
		7F7A16B7270229FB00743CBF /* Build configuration list for PBXNativeTarget "CIImageDemoTests" */ = {
			isa = XCConfigurationList;
			buildConfigurations = (
				7F7A16B8270229FB00743CBF /* Debug */,
				7F7A16B9270229FB00743CBF /* Release */,
			);
			defaultConfigurationIsVisible = 0;
			defaultConfigurationName = Release;
		};
		7F7A16BA270229FB00743CBF /* Build configuration list for PBXNativeTarget "CIImageDemoUITests" */ = {
			isa = XCConfigurationList;
			buildConfigurations = (
				7F7A16BB270229FB00743CBF /* Debug */,
				7F7A16BC270229FB00743CBF /* Release */,
			);
			defaultConfigurationIsVisible = 0;
			defaultConfigurationName = Release;
		};
/* End XCConfigurationList section */
	};
	rootObject = 7F7A167D270229F900743CBF /* Project object */;
}
